
Microsoft Visual Studio Solution File, Format Version 12.00
# Visual Studio Version 16
VisualStudioVersion = 16.0.31515.178
MinimumVisualStudioVersion = 10.0.40219.1
Project("{FAE04EC0-301F-11D3-BF4B-00C04F79EFBC}") = "while_anuidade", "while_anuidade.csproj", "{64F403C2-5D6B-4DA8-AD6F-DF176E8E4538}"
EndProject
Global
	GlobalSection(SolutionConfigurationPlatforms) = preSolution
		Debug|Any CPU = Debug|Any CPU
		Release|Any CPU = Release|Any CPU
	EndGlobalSection
	GlobalSection(ProjectConfigurationPlatforms) = postSolution
		{64F403C2-5D6B-4DA8-AD6F-DF176E8E4538}.Debug|Any CPU.ActiveCfg = Debug|Any CPU
		{64F403C2-5D6B-4DA8-AD6F-DF176E8E4538}.Debug|Any CPU.Build.0 = Debug|Any CPU
		{64F403C2-5D6B-4DA8-AD6F-DF176E8E4538}.Release|Any CPU.ActiveCfg = Release|Any CPU
		{64F403C2-5D6B-4DA8-AD6F-DF176E8E4538}.Release|Any CPU.Build.0 = Release|Any CPU
	EndGlobalSection
	GlobalSection(SolutionProperties) = preSolution
		HideSolutionNode = FALSE
	EndGlobalSection
	GlobalSection(ExtensibilityGlobals) = postSolution
		SolutionGuid = {5583F56A-3B3C-4371-8C5D-735E12ADB66E}
	EndGlobalSection
EndGlobal
